// !$*UTF8*$!
{
	archiveVersion = 1;
	classes = {
	};
	objectVersion = 50;
	objects = {

/* Begin PBXBuildFile section */
		F9098FA026242449005314EC /* MotherViewModel.swift in Sources */ = {isa = PBXBuildFile; fileRef = F9098F9F26242449005314EC /* MotherViewModel.swift */; };
		F9098FA626242AC3005314EC /* PrivacyPolicyView.swift in Sources */ = {isa = PBXBuildFile; fileRef = F9098FA526242AC3005314EC /* PrivacyPolicyView.swift */; };
		F919AB8926227FF200ED9420 /* EmotionButtonViewModel.swift in Sources */ = {isa = PBXBuildFile; fileRef = F919AB8826227FF200ED9420 /* EmotionButtonViewModel.swift */; };
		F919AB8F2622B05700ED9420 /* SuggestionView.swift in Sources */ = {isa = PBXBuildFile; fileRef = F919AB8E2622B05700ED9420 /* SuggestionView.swift */; };
		F919AB902622B05700ED9420 /* SuggestionView.swift in Sources */ = {isa = PBXBuildFile; fileRef = F919AB8E2622B05700ED9420 /* SuggestionView.swift */; };
		F91A9CC2261456D200893BEE /* Tests_iOS.swift in Sources */ = {isa = PBXBuildFile; fileRef = F91A9CC1261456D200893BEE /* Tests_iOS.swift */; };
		F91A9CCD261456D200893BEE /* Tests_macOS.swift in Sources */ = {isa = PBXBuildFile; fileRef = F91A9CCC261456D200893BEE /* Tests_macOS.swift */; };
		F91A9CCF261456D200893BEE /* SimpleMindfulnessApp.swift in Sources */ = {isa = PBXBuildFile; fileRef = F91A9CA6261456D000893BEE /* SimpleMindfulnessApp.swift */; };
		F91A9CD0261456D200893BEE /* SimpleMindfulnessApp.swift in Sources */ = {isa = PBXBuildFile; fileRef = F91A9CA6261456D000893BEE /* SimpleMindfulnessApp.swift */; };
		F91A9CD1261456D200893BEE /* MainView.swift in Sources */ = {isa = PBXBuildFile; fileRef = F91A9CA7261456D000893BEE /* MainView.swift */; };
		F91A9CD2261456D200893BEE /* MainView.swift in Sources */ = {isa = PBXBuildFile; fileRef = F91A9CA7261456D000893BEE /* MainView.swift */; };
		F91A9CD3261456D200893BEE /* Assets.xcassets in Resources */ = {isa = PBXBuildFile; fileRef = F91A9CA8261456D200893BEE /* Assets.xcassets */; };
		F91A9CD4261456D200893BEE /* Assets.xcassets in Resources */ = {isa = PBXBuildFile; fileRef = F91A9CA8261456D200893BEE /* Assets.xcassets */; };
		F945E50E262572C800ED49EB /* PrivacyPolicy.txt in Resources */ = {isa = PBXBuildFile; fileRef = F945E50D262572C800ED49EB /* PrivacyPolicy.txt */; };
		F945E50F262572C800ED49EB /* PrivacyPolicy.txt in Resources */ = {isa = PBXBuildFile; fileRef = F945E50D262572C800ED49EB /* PrivacyPolicy.txt */; };
		F945E5152625730B00ED49EB /* OpeningScreenViewModel.swift in Sources */ = {isa = PBXBuildFile; fileRef = F945E5142625730B00ED49EB /* OpeningScreenViewModel.swift */; };
		F945E5162625730B00ED49EB /* OpeningScreenViewModel.swift in Sources */ = {isa = PBXBuildFile; fileRef = F945E5142625730B00ED49EB /* OpeningScreenViewModel.swift */; };
		F9589D292617F7E5004B800B /* MotherView.swift in Sources */ = {isa = PBXBuildFile; fileRef = F9589D282617F7E5004B800B /* MotherView.swift */; };
		F9589D2A2617F7E5004B800B /* MotherView.swift in Sources */ = {isa = PBXBuildFile; fileRef = F9589D282617F7E5004B800B /* MotherView.swift */; };
		F9589D302617FCF6004B800B /* TitleView.swift in Sources */ = {isa = PBXBuildFile; fileRef = F9589D2F2617FCF6004B800B /* TitleView.swift */; };
		F9589D312617FCF6004B800B /* TitleView.swift in Sources */ = {isa = PBXBuildFile; fileRef = F9589D2F2617FCF6004B800B /* TitleView.swift */; };
		F9649A282636A59C00E7DA09 /* SimpleMindfulness.xcdatamodeld in Sources */ = {isa = PBXBuildFile; fileRef = F9649A262636A59C00E7DA09 /* SimpleMindfulness.xcdatamodeld */; };
		F9649A292636A59C00E7DA09 /* SimpleMindfulness.xcdatamodeld in Sources */ = {isa = PBXBuildFile; fileRef = F9649A262636A59C00E7DA09 /* SimpleMindfulness.xcdatamodeld */; };
		F9649A2F2636A6BE00E7DA09 /* CoreDataManager.swift in Sources */ = {isa = PBXBuildFile; fileRef = F9649A2E2636A6BE00E7DA09 /* CoreDataManager.swift */; };
		F9649A3E2636A98A00E7DA09 /* LogAccessors.swift in Sources */ = {isa = PBXBuildFile; fileRef = F9649A3D2636A98A00E7DA09 /* LogAccessors.swift */; };
		F9649A3F2636A98A00E7DA09 /* LogAccessors.swift in Sources */ = {isa = PBXBuildFile; fileRef = F9649A3D2636A98A00E7DA09 /* LogAccessors.swift */; };
		F9766935261A49AC00936D13 /* TextFieldListView.swift in Sources */ = {isa = PBXBuildFile; fileRef = F9766934261A49AC00936D13 /* TextFieldListView.swift */; };
		F9766936261A49AC00936D13 /* TextFieldListView.swift in Sources */ = {isa = PBXBuildFile; fileRef = F9766934261A49AC00936D13 /* TextFieldListView.swift */; };
		F9774A30262A700D00602E54 /* SuggestionTextView.swift in Sources */ = {isa = PBXBuildFile; fileRef = F9774A2F262A700D00602E54 /* SuggestionTextView.swift */; };
		F9774A31262A700D00602E54 /* SuggestionTextView.swift in Sources */ = {isa = PBXBuildFile; fileRef = F9774A2F262A700D00602E54 /* SuggestionTextView.swift */; };
		F9774A3B262A70C000602E54 /* NextSuggestionButtonView.swift in Sources */ = {isa = PBXBuildFile; fileRef = F9774A3A262A70C000602E54 /* NextSuggestionButtonView.swift */; };
		F9774A3C262A70C000602E54 /* NextSuggestionButtonView.swift in Sources */ = {isa = PBXBuildFile; fileRef = F9774A3A262A70C000602E54 /* NextSuggestionButtonView.swift */; };
		F97B313E26292BF40055847C /* SuggestionViewModel.swift in Sources */ = {isa = PBXBuildFile; fileRef = F97B313D26292BF40055847C /* SuggestionViewModel.swift */; };
		F97B3144262932B40055847C /* SuggestionAccessors.swift in Sources */ = {isa = PBXBuildFile; fileRef = F97B3143262932B40055847C /* SuggestionAccessors.swift */; };
		F97B314B2629332F0055847C /* SettingsAccessors.swift in Sources */ = {isa = PBXBuildFile; fileRef = F97B314A2629332F0055847C /* SettingsAccessors.swift */; };
		F97B31552629341C0055847C /* Suggestions.swift in Sources */ = {isa = PBXBuildFile; fileRef = F97B31542629341C0055847C /* Suggestions.swift */; };
		F98941BA262820A800A11384 /* SettingsViewModel.swift in Sources */ = {isa = PBXBuildFile; fileRef = F98941B9262820A800A11384 /* SettingsViewModel.swift */; };
		F9966CCE2619A40200F0642B /* Suggestions.plist in Resources */ = {isa = PBXBuildFile; fileRef = F9966CCD2619A40200F0642B /* Suggestions.plist */; };
		F9966CCF2619A40200F0642B /* Suggestions.plist in Resources */ = {isa = PBXBuildFile; fileRef = F9966CCD2619A40200F0642B /* Suggestions.plist */; };
		F99F4C33261D9B8800D282B5 /* TextFieldView.swift in Sources */ = {isa = PBXBuildFile; fileRef = F99F4C32261D9B8800D282B5 /* TextFieldView.swift */; };
		F99F4C34261D9B8800D282B5 /* TextFieldView.swift in Sources */ = {isa = PBXBuildFile; fileRef = F99F4C32261D9B8800D282B5 /* TextFieldView.swift */; };
		F9B60D39262819D5000CA2B8 /* SettingsView.swift in Sources */ = {isa = PBXBuildFile; fileRef = F9B60D38262819D5000CA2B8 /* SettingsView.swift */; };
		F9C37B9E261633B0008D7A3E /* RadialMenuView.swift in Sources */ = {isa = PBXBuildFile; fileRef = F9C37B9D261633B0008D7A3E /* RadialMenuView.swift */; };
		F9C37B9F261633B0008D7A3E /* RadialMenuView.swift in Sources */ = {isa = PBXBuildFile; fileRef = F9C37B9D261633B0008D7A3E /* RadialMenuView.swift */; };
		F9C37BA526163508008D7A3E /* EmotionButtonView.swift in Sources */ = {isa = PBXBuildFile; fileRef = F9C37BA426163508008D7A3E /* EmotionButtonView.swift */; };
		F9C37BA626163508008D7A3E /* EmotionButtonView.swift in Sources */ = {isa = PBXBuildFile; fileRef = F9C37BA426163508008D7A3E /* EmotionButtonView.swift */; };
		F9C6A7922616E65A001418A3 /* ContentViewModel.swift in Sources */ = {isa = PBXBuildFile; fileRef = F9C6A7912616E65A001418A3 /* ContentViewModel.swift */; };
		F9C6A7982616EA2F001418A3 /* EditSuggestionsViewModel.swift in Sources */ = {isa = PBXBuildFile; fileRef = F9C6A7972616EA2F001418A3 /* EditSuggestionsViewModel.swift */; };
		F9FF80B3261681F600190D34 /* RadialMenuButtonView.swift in Sources */ = {isa = PBXBuildFile; fileRef = F9FF80B2261681F600190D34 /* RadialMenuButtonView.swift */; };
		F9FF80B4261681F600190D34 /* RadialMenuButtonView.swift in Sources */ = {isa = PBXBuildFile; fileRef = F9FF80B2261681F600190D34 /* RadialMenuButtonView.swift */; };
		F9FF80C32616838100190D34 /* GreetingMessageView.swift in Sources */ = {isa = PBXBuildFile; fileRef = F9FF80C22616838100190D34 /* GreetingMessageView.swift */; };
		F9FF80C42616838100190D34 /* GreetingMessageView.swift in Sources */ = {isa = PBXBuildFile; fileRef = F9FF80C22616838100190D34 /* GreetingMessageView.swift */; };
		F9FF80CA2616924B00190D34 /* EditSuggestionsView.swift in Sources */ = {isa = PBXBuildFile; fileRef = F9FF80C92616924B00190D34 /* EditSuggestionsView.swift */; };
		F9FF80CB2616924B00190D34 /* EditSuggestionsView.swift in Sources */ = {isa = PBXBuildFile; fileRef = F9FF80C92616924B00190D34 /* EditSuggestionsView.swift */; };
		F9FF80D12616928E00190D34 /* NavBarView.swift in Sources */ = {isa = PBXBuildFile; fileRef = F9FF80D02616928E00190D34 /* NavBarView.swift */; };
		F9FF80D22616928E00190D34 /* NavBarView.swift in Sources */ = {isa = PBXBuildFile; fileRef = F9FF80D02616928E00190D34 /* NavBarView.swift */; };
		F9FF80D8261696C400190D34 /* LogView.swift in Sources */ = {isa = PBXBuildFile; fileRef = F9FF80D7261696C400190D34 /* LogView.swift */; };
		F9FF80D9261696C400190D34 /* LogView.swift in Sources */ = {isa = PBXBuildFile; fileRef = F9FF80D7261696C400190D34 /* LogView.swift */; };
/* End PBXBuildFile section */

/* Begin PBXContainerItemProxy section */
		F91A9CBE261456D200893BEE /* PBXContainerItemProxy */ = {
			isa = PBXContainerItemProxy;
			containerPortal = F91A9CA1261456D000893BEE /* Project object */;
			proxyType = 1;
			remoteGlobalIDString = F91A9CAC261456D200893BEE;
			remoteInfo = "SimpleMindfulness (iOS)";
		};
		F91A9CC9261456D200893BEE /* PBXContainerItemProxy */ = {
			isa = PBXContainerItemProxy;
			containerPortal = F91A9CA1261456D000893BEE /* Project object */;
			proxyType = 1;
			remoteGlobalIDString = F91A9CB4261456D200893BEE;
			remoteInfo = "SimpleMindfulness (macOS)";
		};
/* End PBXContainerItemProxy section */

/* Begin PBXFileReference section */
		F9098F9F26242449005314EC /* MotherViewModel.swift */ = {isa = PBXFileReference; lastKnownFileType = sourcecode.swift; path = MotherViewModel.swift; sourceTree = "<group>"; };
		F9098FA526242AC3005314EC /* PrivacyPolicyView.swift */ = {isa = PBXFileReference; lastKnownFileType = sourcecode.swift; path = PrivacyPolicyView.swift; sourceTree = "<group>"; };
		F919AB8826227FF200ED9420 /* EmotionButtonViewModel.swift */ = {isa = PBXFileReference; lastKnownFileType = sourcecode.swift; path = EmotionButtonViewModel.swift; sourceTree = "<group>"; };
		F919AB8E2622B05700ED9420 /* SuggestionView.swift */ = {isa = PBXFileReference; lastKnownFileType = sourcecode.swift; path = SuggestionView.swift; sourceTree = "<group>"; };
		F91A9CA6261456D000893BEE /* SimpleMindfulnessApp.swift */ = {isa = PBXFileReference; lastKnownFileType = sourcecode.swift; path = SimpleMindfulnessApp.swift; sourceTree = "<group>"; };
		F91A9CA7261456D000893BEE /* MainView.swift */ = {isa = PBXFileReference; lastKnownFileType = sourcecode.swift; path = MainView.swift; sourceTree = "<group>"; };
		F91A9CA8261456D200893BEE /* Assets.xcassets */ = {isa = PBXFileReference; lastKnownFileType = folder.assetcatalog; path = Assets.xcassets; sourceTree = "<group>"; };
		F91A9CAD261456D200893BEE /* SimpleMindfulness.app */ = {isa = PBXFileReference; explicitFileType = wrapper.application; includeInIndex = 0; path = SimpleMindfulness.app; sourceTree = BUILT_PRODUCTS_DIR; };
		F91A9CB0261456D200893BEE /* Info.plist */ = {isa = PBXFileReference; lastKnownFileType = text.plist.xml; path = Info.plist; sourceTree = "<group>"; };
		F91A9CB5261456D200893BEE /* SimpleMindfulness.app */ = {isa = PBXFileReference; explicitFileType = wrapper.application; includeInIndex = 0; path = SimpleMindfulness.app; sourceTree = BUILT_PRODUCTS_DIR; };
		F91A9CB7261456D200893BEE /* Info.plist */ = {isa = PBXFileReference; lastKnownFileType = text.plist.xml; path = Info.plist; sourceTree = "<group>"; };
		F91A9CB8261456D200893BEE /* macOS.entitlements */ = {isa = PBXFileReference; lastKnownFileType = text.plist.entitlements; path = macOS.entitlements; sourceTree = "<group>"; };
		F91A9CBD261456D200893BEE /* Tests iOS.xctest */ = {isa = PBXFileReference; explicitFileType = wrapper.cfbundle; includeInIndex = 0; path = "Tests iOS.xctest"; sourceTree = BUILT_PRODUCTS_DIR; };
		F91A9CC1261456D200893BEE /* Tests_iOS.swift */ = {isa = PBXFileReference; lastKnownFileType = sourcecode.swift; path = Tests_iOS.swift; sourceTree = "<group>"; };
		F91A9CC3261456D200893BEE /* Info.plist */ = {isa = PBXFileReference; lastKnownFileType = text.plist.xml; path = Info.plist; sourceTree = "<group>"; };
		F91A9CC8261456D200893BEE /* Tests macOS.xctest */ = {isa = PBXFileReference; explicitFileType = wrapper.cfbundle; includeInIndex = 0; path = "Tests macOS.xctest"; sourceTree = BUILT_PRODUCTS_DIR; };
		F91A9CCC261456D200893BEE /* Tests_macOS.swift */ = {isa = PBXFileReference; lastKnownFileType = sourcecode.swift; path = Tests_macOS.swift; sourceTree = "<group>"; };
		F91A9CCE261456D200893BEE /* Info.plist */ = {isa = PBXFileReference; lastKnownFileType = text.plist.xml; path = Info.plist; sourceTree = "<group>"; };
		F945E50D262572C800ED49EB /* PrivacyPolicy.txt */ = {isa = PBXFileReference; lastKnownFileType = text; path = PrivacyPolicy.txt; sourceTree = "<group>"; };
		F945E5142625730B00ED49EB /* OpeningScreenViewModel.swift */ = {isa = PBXFileReference; lastKnownFileType = sourcecode.swift; path = OpeningScreenViewModel.swift; sourceTree = "<group>"; };
		F9589D282617F7E5004B800B /* MotherView.swift */ = {isa = PBXFileReference; lastKnownFileType = sourcecode.swift; path = MotherView.swift; sourceTree = "<group>"; };
		F9589D2F2617FCF6004B800B /* TitleView.swift */ = {isa = PBXFileReference; lastKnownFileType = sourcecode.swift; path = TitleView.swift; sourceTree = "<group>"; };
		F9649A272636A59C00E7DA09 /* LoggedEmotion.xcdatamodel */ = {isa = PBXFileReference; lastKnownFileType = wrapper.xcdatamodel; path = LoggedEmotion.xcdatamodel; sourceTree = "<group>"; };
		F9649A2E2636A6BE00E7DA09 /* CoreDataManager.swift */ = {isa = PBXFileReference; lastKnownFileType = sourcecode.swift; path = CoreDataManager.swift; sourceTree = "<group>"; };
		F9649A3D2636A98A00E7DA09 /* LogAccessors.swift */ = {isa = PBXFileReference; lastKnownFileType = sourcecode.swift; path = LogAccessors.swift; sourceTree = "<group>"; };
		F9766934261A49AC00936D13 /* TextFieldListView.swift */ = {isa = PBXFileReference; lastKnownFileType = sourcecode.swift; path = TextFieldListView.swift; sourceTree = "<group>"; };
		F9774A2F262A700D00602E54 /* SuggestionTextView.swift */ = {isa = PBXFileReference; lastKnownFileType = sourcecode.swift; path = SuggestionTextView.swift; sourceTree = "<group>"; };
		F9774A3A262A70C000602E54 /* NextSuggestionButtonView.swift */ = {isa = PBXFileReference; lastKnownFileType = sourcecode.swift; path = NextSuggestionButtonView.swift; sourceTree = "<group>"; };
		F97B313D26292BF40055847C /* SuggestionViewModel.swift */ = {isa = PBXFileReference; lastKnownFileType = sourcecode.swift; path = SuggestionViewModel.swift; sourceTree = "<group>"; };
		F97B3143262932B40055847C /* SuggestionAccessors.swift */ = {isa = PBXFileReference; lastKnownFileType = sourcecode.swift; path = SuggestionAccessors.swift; sourceTree = "<group>"; };
		F97B314A2629332F0055847C /* SettingsAccessors.swift */ = {isa = PBXFileReference; lastKnownFileType = sourcecode.swift; path = SettingsAccessors.swift; sourceTree = "<group>"; };
		F97B31542629341C0055847C /* Suggestions.swift */ = {isa = PBXFileReference; lastKnownFileType = sourcecode.swift; path = Suggestions.swift; sourceTree = "<group>"; };
		F98941B9262820A800A11384 /* SettingsViewModel.swift */ = {isa = PBXFileReference; lastKnownFileType = sourcecode.swift; path = SettingsViewModel.swift; sourceTree = "<group>"; };
		F9966CCD2619A40200F0642B /* Suggestions.plist */ = {isa = PBXFileReference; lastKnownFileType = text.plist.xml; path = Suggestions.plist; sourceTree = "<group>"; };
		F99F4C32261D9B8800D282B5 /* TextFieldView.swift */ = {isa = PBXFileReference; lastKnownFileType = sourcecode.swift; path = TextFieldView.swift; sourceTree = "<group>"; };
		F9B60D38262819D5000CA2B8 /* SettingsView.swift */ = {isa = PBXFileReference; lastKnownFileType = sourcecode.swift; path = SettingsView.swift; sourceTree = "<group>"; };
		F9C37B9D261633B0008D7A3E /* RadialMenuView.swift */ = {isa = PBXFileReference; lastKnownFileType = sourcecode.swift; path = RadialMenuView.swift; sourceTree = "<group>"; };
		F9C37BA426163508008D7A3E /* EmotionButtonView.swift */ = {isa = PBXFileReference; lastKnownFileType = sourcecode.swift; path = EmotionButtonView.swift; sourceTree = "<group>"; };
		F9C6A7912616E65A001418A3 /* ContentViewModel.swift */ = {isa = PBXFileReference; lastKnownFileType = sourcecode.swift; path = ContentViewModel.swift; sourceTree = "<group>"; };
		F9C6A7972616EA2F001418A3 /* EditSuggestionsViewModel.swift */ = {isa = PBXFileReference; lastKnownFileType = sourcecode.swift; path = EditSuggestionsViewModel.swift; sourceTree = "<group>"; };
		F9FF80B2261681F600190D34 /* RadialMenuButtonView.swift */ = {isa = PBXFileReference; lastKnownFileType = sourcecode.swift; path = RadialMenuButtonView.swift; sourceTree = "<group>"; };
		F9FF80C22616838100190D34 /* GreetingMessageView.swift */ = {isa = PBXFileReference; lastKnownFileType = sourcecode.swift; path = GreetingMessageView.swift; sourceTree = "<group>"; };
		F9FF80C92616924B00190D34 /* EditSuggestionsView.swift */ = {isa = PBXFileReference; lastKnownFileType = sourcecode.swift; path = EditSuggestionsView.swift; sourceTree = "<group>"; };
		F9FF80D02616928E00190D34 /* NavBarView.swift */ = {isa = PBXFileReference; lastKnownFileType = sourcecode.swift; path = NavBarView.swift; sourceTree = "<group>"; };
		F9FF80D7261696C400190D34 /* LogView.swift */ = {isa = PBXFileReference; lastKnownFileType = sourcecode.swift; path = LogView.swift; sourceTree = "<group>"; };
/* End PBXFileReference section */

/* Begin PBXFrameworksBuildPhase section */
		F91A9CAA261456D200893BEE /* Frameworks */ = {
			isa = PBXFrameworksBuildPhase;
			buildActionMask = 2147483647;
			files = (
			);
			runOnlyForDeploymentPostprocessing = 0;
		};
		F91A9CB2261456D200893BEE /* Frameworks */ = {
			isa = PBXFrameworksBuildPhase;
			buildActionMask = 2147483647;
			files = (
			);
			runOnlyForDeploymentPostprocessing = 0;
		};
		F91A9CBA261456D200893BEE /* Frameworks */ = {
			isa = PBXFrameworksBuildPhase;
			buildActionMask = 2147483647;
			files = (
			);
			runOnlyForDeploymentPostprocessing = 0;
		};
		F91A9CC5261456D200893BEE /* Frameworks */ = {
			isa = PBXFrameworksBuildPhase;
			buildActionMask = 2147483647;
			files = (
			);
			runOnlyForDeploymentPostprocessing = 0;
		};
/* End PBXFrameworksBuildPhase section */

/* Begin PBXGroup section */
		F919AB8326227C8B00ED9420 /* EditSuggestions */ = {
			isa = PBXGroup;
			children = (
				F9FF80C92616924B00190D34 /* EditSuggestionsView.swift */,
				F9766934261A49AC00936D13 /* TextFieldListView.swift */,
				F99F4C32261D9B8800D282B5 /* TextFieldView.swift */,
			);
			path = EditSuggestions;
			sourceTree = "<group>";
		};
		F91A9CA0261456D000893BEE = {
			isa = PBXGroup;
			children = (
				F97B315E2629343A0055847C /* Models */,
				F9C6A7902616E631001418A3 /* ViewModels */,
				F9FF80B92616820600190D34 /* Views */,
				F91A9CA5261456D000893BEE /* Shared */,
				F91A9CAF261456D200893BEE /* iOS */,
				F91A9CB6261456D200893BEE /* macOS */,
				F91A9CC0261456D200893BEE /* Tests iOS */,
				F91A9CCB261456D200893BEE /* Tests macOS */,
				F91A9CAE261456D200893BEE /* Products */,
			);
			sourceTree = "<group>";
		};
		F91A9CA5261456D000893BEE /* Shared */ = {
			isa = PBXGroup;
			children = (
				F91A9CA6261456D000893BEE /* SimpleMindfulnessApp.swift */,
				F91A9CA8261456D200893BEE /* Assets.xcassets */,
				F9649A262636A59C00E7DA09 /* SimpleMindfulness.xcdatamodeld */,
				F9966CCD2619A40200F0642B /* Suggestions.plist */,
				F945E50D262572C800ED49EB /* PrivacyPolicy.txt */,
			);
			path = Shared;
			sourceTree = "<group>";
		};
		F91A9CAE261456D200893BEE /* Products */ = {
			isa = PBXGroup;
			children = (
				F91A9CAD261456D200893BEE /* SimpleMindfulness.app */,
				F91A9CB5261456D200893BEE /* SimpleMindfulness.app */,
				F91A9CBD261456D200893BEE /* Tests iOS.xctest */,
				F91A9CC8261456D200893BEE /* Tests macOS.xctest */,
			);
			name = Products;
			sourceTree = "<group>";
		};
		F91A9CAF261456D200893BEE /* iOS */ = {
			isa = PBXGroup;
			children = (
				F91A9CB0261456D200893BEE /* Info.plist */,
			);
			path = iOS;
			sourceTree = "<group>";
		};
		F91A9CB6261456D200893BEE /* macOS */ = {
			isa = PBXGroup;
			children = (
				F91A9CB7261456D200893BEE /* Info.plist */,
				F91A9CB8261456D200893BEE /* macOS.entitlements */,
			);
			path = macOS;
			sourceTree = "<group>";
		};
		F91A9CC0261456D200893BEE /* Tests iOS */ = {
			isa = PBXGroup;
			children = (
				F91A9CC1261456D200893BEE /* Tests_iOS.swift */,
				F91A9CC3261456D200893BEE /* Info.plist */,
			);
			path = "Tests iOS";
			sourceTree = "<group>";
		};
		F91A9CCB261456D200893BEE /* Tests macOS */ = {
			isa = PBXGroup;
			children = (
				F91A9CCC261456D200893BEE /* Tests_macOS.swift */,
				F91A9CCE261456D200893BEE /* Info.plist */,
			);
			path = "Tests macOS";
			sourceTree = "<group>";
		};
		F9589D36261810A2004B800B /* MainScreen */ = {
			isa = PBXGroup;
			children = (
				F91A9CA7261456D000893BEE /* MainView.swift */,
				F9589D2F2617FCF6004B800B /* TitleView.swift */,
				F9FF80C22616838100190D34 /* GreetingMessageView.swift */,
				F9C37B9D261633B0008D7A3E /* RadialMenuView.swift */,
				F9C37BA426163508008D7A3E /* EmotionButtonView.swift */,
				F9FF80B2261681F600190D34 /* RadialMenuButtonView.swift */,
				F9FF80D02616928E00190D34 /* NavBarView.swift */,
				F9589D282617F7E5004B800B /* MotherView.swift */,
			);
			path = MainScreen;
			sourceTree = "<group>";
		};
		F9774A2E262A6FE400602E54 /* SuggestionView */ = {
			isa = PBXGroup;
			children = (
				F9774A2F262A700D00602E54 /* SuggestionTextView.swift */,
				F9774A3A262A70C000602E54 /* NextSuggestionButtonView.swift */,
				F919AB8E2622B05700ED9420 /* SuggestionView.swift */,
			);
			path = SuggestionView;
			sourceTree = "<group>";
		};
		F97B3149262932FC0055847C /* New Group */ = {
			isa = PBXGroup;
			children = (
				F9649A2E2636A6BE00E7DA09 /* CoreDataManager.swift */,
				F97B3143262932B40055847C /* SuggestionAccessors.swift */,
				F97B314A2629332F0055847C /* SettingsAccessors.swift */,
				F9649A3D2636A98A00E7DA09 /* LogAccessors.swift */,
			);
			path = "New Group";
			sourceTree = "<group>";
		};
		F97B315E2629343A0055847C /* Models */ = {
			isa = PBXGroup;
			children = (
				F97B31542629341C0055847C /* Suggestions.swift */,
			);
			path = Models;
			sourceTree = "<group>";
		};
		F9C6A7902616E631001418A3 /* ViewModels */ = {
			isa = PBXGroup;
			children = (
				F97B3149262932FC0055847C /* New Group */,
				F9C6A7912616E65A001418A3 /* ContentViewModel.swift */,
				F9C6A7972616EA2F001418A3 /* EditSuggestionsViewModel.swift */,
				F98941B9262820A800A11384 /* SettingsViewModel.swift */,
				F919AB8826227FF200ED9420 /* EmotionButtonViewModel.swift */,
				F9098F9F26242449005314EC /* MotherViewModel.swift */,
				F945E5142625730B00ED49EB /* OpeningScreenViewModel.swift */,
				F97B313D26292BF40055847C /* SuggestionViewModel.swift */,
			);
			path = ViewModels;
			sourceTree = "<group>";
		};
		F9FF80B92616820600190D34 /* Views */ = {
			isa = PBXGroup;
			children = (
				F9774A2E262A6FE400602E54 /* SuggestionView */,
				F919AB8326227C8B00ED9420 /* EditSuggestions */,
				F9589D36261810A2004B800B /* MainScreen */,
				F9FF80D7261696C400190D34 /* LogView.swift */,
				F9098FA526242AC3005314EC /* PrivacyPolicyView.swift */,
				F9B60D38262819D5000CA2B8 /* SettingsView.swift */,
			);
			path = Views;
			sourceTree = "<group>";
		};
/* End PBXGroup section */

/* Begin PBXNativeTarget section */
		F91A9CAC261456D200893BEE /* SimpleMindfulness (iOS) */ = {
			isa = PBXNativeTarget;
			buildConfigurationList = F91A9CD7261456D200893BEE /* Build configuration list for PBXNativeTarget "SimpleMindfulness (iOS)" */;
			buildPhases = (
				F91A9CA9261456D200893BEE /* Sources */,
				F91A9CAA261456D200893BEE /* Frameworks */,
				F91A9CAB261456D200893BEE /* Resources */,
			);
			buildRules = (
			);
			dependencies = (
			);
			name = "SimpleMindfulness (iOS)";
			productName = "SimpleMindfulness (iOS)";
			productReference = F91A9CAD261456D200893BEE /* SimpleMindfulness.app */;
			productType = "com.apple.product-type.application";
		};
		F91A9CB4261456D200893BEE /* SimpleMindfulness (macOS) */ = {
			isa = PBXNativeTarget;
			buildConfigurationList = F91A9CDA261456D200893BEE /* Build configuration list for PBXNativeTarget "SimpleMindfulness (macOS)" */;
			buildPhases = (
				F91A9CB1261456D200893BEE /* Sources */,
				F91A9CB2261456D200893BEE /* Frameworks */,
				F91A9CB3261456D200893BEE /* Resources */,
			);
			buildRules = (
			);
			dependencies = (
			);
			name = "SimpleMindfulness (macOS)";
			productName = "SimpleMindfulness (macOS)";
			productReference = F91A9CB5261456D200893BEE /* SimpleMindfulness.app */;
			productType = "com.apple.product-type.application";
		};
		F91A9CBC261456D200893BEE /* Tests iOS */ = {
			isa = PBXNativeTarget;
			buildConfigurationList = F91A9CDD261456D200893BEE /* Build configuration list for PBXNativeTarget "Tests iOS" */;
			buildPhases = (
				F91A9CB9261456D200893BEE /* Sources */,
				F91A9CBA261456D200893BEE /* Frameworks */,
				F91A9CBB261456D200893BEE /* Resources */,
			);
			buildRules = (
			);
			dependencies = (
				F91A9CBF261456D200893BEE /* PBXTargetDependency */,
			);
			name = "Tests iOS";
			productName = "Tests iOS";
			productReference = F91A9CBD261456D200893BEE /* Tests iOS.xctest */;
			productType = "com.apple.product-type.bundle.ui-testing";
		};
		F91A9CC7261456D200893BEE /* Tests macOS */ = {
			isa = PBXNativeTarget;
			buildConfigurationList = F91A9CE0261456D200893BEE /* Build configuration list for PBXNativeTarget "Tests macOS" */;
			buildPhases = (
				F91A9CC4261456D200893BEE /* Sources */,
				F91A9CC5261456D200893BEE /* Frameworks */,
				F91A9CC6261456D200893BEE /* Resources */,
			);
			buildRules = (
			);
			dependencies = (
				F91A9CCA261456D200893BEE /* PBXTargetDependency */,
			);
			name = "Tests macOS";
			productName = "Tests macOS";
			productReference = F91A9CC8261456D200893BEE /* Tests macOS.xctest */;
			productType = "com.apple.product-type.bundle.ui-testing";
		};
/* End PBXNativeTarget section */

/* Begin PBXProject section */
		F91A9CA1261456D000893BEE /* Project object */ = {
			isa = PBXProject;
			attributes = {
				LastSwiftUpdateCheck = 1220;
				LastUpgradeCheck = 1220;
				TargetAttributes = {
					F91A9CAC261456D200893BEE = {
						CreatedOnToolsVersion = 12.2;
					};
					F91A9CB4261456D200893BEE = {
						CreatedOnToolsVersion = 12.2;
					};
					F91A9CBC261456D200893BEE = {
						CreatedOnToolsVersion = 12.2;
						TestTargetID = F91A9CAC261456D200893BEE;
					};
					F91A9CC7261456D200893BEE = {
						CreatedOnToolsVersion = 12.2;
						TestTargetID = F91A9CB4261456D200893BEE;
					};
				};
			};
			buildConfigurationList = F91A9CA4261456D000893BEE /* Build configuration list for PBXProject "SimpleMindfulness" */;
			compatibilityVersion = "Xcode 9.3";
			developmentRegion = en;
			hasScannedForEncodings = 0;
			knownRegions = (
				en,
				Base,
			);
			mainGroup = F91A9CA0261456D000893BEE;
			productRefGroup = F91A9CAE261456D200893BEE /* Products */;
			projectDirPath = "";
			projectRoot = "";
			targets = (
				F91A9CAC261456D200893BEE /* SimpleMindfulness (iOS) */,
				F91A9CB4261456D200893BEE /* SimpleMindfulness (macOS) */,
				F91A9CBC261456D200893BEE /* Tests iOS */,
				F91A9CC7261456D200893BEE /* Tests macOS */,
			);
		};
/* End PBXProject section */

/* Begin PBXResourcesBuildPhase section */
		F91A9CAB261456D200893BEE /* Resources */ = {
			isa = PBXResourcesBuildPhase;
			buildActionMask = 2147483647;
			files = (
				F945E50E262572C800ED49EB /* PrivacyPolicy.txt in Resources */,
				F9966CCE2619A40200F0642B /* Suggestions.plist in Resources */,
				F91A9CD3261456D200893BEE /* Assets.xcassets in Resources */,
			);
			runOnlyForDeploymentPostprocessing = 0;
		};
		F91A9CB3261456D200893BEE /* Resources */ = {
			isa = PBXResourcesBuildPhase;
			buildActionMask = 2147483647;
			files = (
				F945E50F262572C800ED49EB /* PrivacyPolicy.txt in Resources */,
				F9966CCF2619A40200F0642B /* Suggestions.plist in Resources */,
				F91A9CD4261456D200893BEE /* Assets.xcassets in Resources */,
			);
			runOnlyForDeploymentPostprocessing = 0;
		};
		F91A9CBB261456D200893BEE /* Resources */ = {
			isa = PBXResourcesBuildPhase;
			buildActionMask = 2147483647;
			files = (
			);
			runOnlyForDeploymentPostprocessing = 0;
		};
		F91A9CC6261456D200893BEE /* Resources */ = {
			isa = PBXResourcesBuildPhase;
			buildActionMask = 2147483647;
			files = (
			);
			runOnlyForDeploymentPostprocessing = 0;
		};
/* End PBXResourcesBuildPhase section */

/* Begin PBXSourcesBuildPhase section */
		F91A9CA9261456D200893BEE /* Sources */ = {
			isa = PBXSourcesBuildPhase;
			buildActionMask = 2147483647;
			files = (
				F97B314B2629332F0055847C /* SettingsAccessors.swift in Sources */,
				F9B60D39262819D5000CA2B8 /* SettingsView.swift in Sources */,
				F97B313E26292BF40055847C /* SuggestionViewModel.swift in Sources */,
				F9774A3B262A70C000602E54 /* NextSuggestionButtonView.swift in Sources */,
				F97B3144262932B40055847C /* SuggestionAccessors.swift in Sources */,
				F9FF80CA2616924B00190D34 /* EditSuggestionsView.swift in Sources */,
				F9589D292617F7E5004B800B /* MotherView.swift in Sources */,
				F919AB8F2622B05700ED9420 /* SuggestionView.swift in Sources */,
				F9C37BA526163508008D7A3E /* EmotionButtonView.swift in Sources */,
				F9766935261A49AC00936D13 /* TextFieldListView.swift in Sources */,
				F9FF80D12616928E00190D34 /* NavBarView.swift in Sources */,
				F9FF80B3261681F600190D34 /* RadialMenuButtonView.swift in Sources */,
				F9C6A7922616E65A001418A3 /* ContentViewModel.swift in Sources */,
				F9C37B9E261633B0008D7A3E /* RadialMenuView.swift in Sources */,
				F91A9CD1261456D200893BEE /* MainView.swift in Sources */,
				F91A9CCF261456D200893BEE /* SimpleMindfulnessApp.swift in Sources */,
				F945E5152625730B00ED49EB /* OpeningScreenViewModel.swift in Sources */,
				F919AB8926227FF200ED9420 /* EmotionButtonViewModel.swift in Sources */,
				F9774A30262A700D00602E54 /* SuggestionTextView.swift in Sources */,
				F9C6A7982616EA2F001418A3 /* EditSuggestionsViewModel.swift in Sources */,
				F99F4C33261D9B8800D282B5 /* TextFieldView.swift in Sources */,
				F9649A2F2636A6BE00E7DA09 /* CoreDataManager.swift in Sources */,
				F9FF80D8261696C400190D34 /* LogView.swift in Sources */,
				F9098FA626242AC3005314EC /* PrivacyPolicyView.swift in Sources */,
				F9649A3E2636A98A00E7DA09 /* LogAccessors.swift in Sources */,
				F9589D302617FCF6004B800B /* TitleView.swift in Sources */,
				F98941BA262820A800A11384 /* SettingsViewModel.swift in Sources */,
				F97B31552629341C0055847C /* Suggestions.swift in Sources */,
				F9FF80C32616838100190D34 /* GreetingMessageView.swift in Sources */,
				F9649A282636A59C00E7DA09 /* SimpleMindfulness.xcdatamodeld in Sources */,
				F9098FA026242449005314EC /* MotherViewModel.swift in Sources */,
			);
			runOnlyForDeploymentPostprocessing = 0;
		};
		F91A9CB1261456D200893BEE /* Sources */ = {
			isa = PBXSourcesBuildPhase;
			buildActionMask = 2147483647;
			files = (
				F9649A3F2636A98A00E7DA09 /* LogAccessors.swift in Sources */,
				F9FF80CB2616924B00190D34 /* EditSuggestionsView.swift in Sources */,
				F945E5162625730B00ED49EB /* OpeningScreenViewModel.swift in Sources */,
				F9766936261A49AC00936D13 /* TextFieldListView.swift in Sources */,
				F9C37BA626163508008D7A3E /* EmotionButtonView.swift in Sources */,
				F99F4C34261D9B8800D282B5 /* TextFieldView.swift in Sources */,
				F9FF80D22616928E00190D34 /* NavBarView.swift in Sources */,
				F9589D2A2617F7E5004B800B /* MotherView.swift in Sources */,
				F9FF80B4261681F600190D34 /* RadialMenuButtonView.swift in Sources */,
				F9C37B9F261633B0008D7A3E /* RadialMenuView.swift in Sources */,
				F9649A292636A59C00E7DA09 /* SimpleMindfulness.xcdatamodeld in Sources */,
				F919AB902622B05700ED9420 /* SuggestionView.swift in Sources */,
				F91A9CD2261456D200893BEE /* MainView.swift in Sources */,
				F9774A31262A700D00602E54 /* SuggestionTextView.swift in Sources */,
				F91A9CD0261456D200893BEE /* SimpleMindfulnessApp.swift in Sources */,
				F9774A3C262A70C000602E54 /* NextSuggestionButtonView.swift in Sources */,
				F9589D312617FCF6004B800B /* TitleView.swift in Sources */,
				F9FF80D9261696C400190D34 /* LogView.swift in Sources */,
				F9FF80C42616838100190D34 /* GreetingMessageView.swift in Sources */,
			);
			runOnlyForDeploymentPostprocessing = 0;
		};
		F91A9CB9261456D200893BEE /* Sources */ = {
			isa = PBXSourcesBuildPhase;
			buildActionMask = 2147483647;
			files = (
				F91A9CC2261456D200893BEE /* Tests_iOS.swift in Sources */,
			);
			runOnlyForDeploymentPostprocessing = 0;
		};
		F91A9CC4261456D200893BEE /* Sources */ = {
			isa = PBXSourcesBuildPhase;
			buildActionMask = 2147483647;
			files = (
				F91A9CCD261456D200893BEE /* Tests_macOS.swift in Sources */,
			);
			runOnlyForDeploymentPostprocessing = 0;
		};
/* End PBXSourcesBuildPhase section */

/* Begin PBXTargetDependency section */
		F91A9CBF261456D200893BEE /* PBXTargetDependency */ = {
			isa = PBXTargetDependency;
			target = F91A9CAC261456D200893BEE /* SimpleMindfulness (iOS) */;
			targetProxy = F91A9CBE261456D200893BEE /* PBXContainerItemProxy */;
		};
		F91A9CCA261456D200893BEE /* PBXTargetDependency */ = {
			isa = PBXTargetDependency;
			target = F91A9CB4261456D200893BEE /* SimpleMindfulness (macOS) */;
			targetProxy = F91A9CC9261456D200893BEE /* PBXContainerItemProxy */;
		};
/* End PBXTargetDependency section */

/* Begin XCBuildConfiguration section */
		F91A9CD5261456D200893BEE /* Debug */ = {
			isa = XCBuildConfiguration;
			buildSettings = {
				ALWAYS_SEARCH_USER_PATHS = NO;
				CLANG_ANALYZER_NONNULL = YES;
				CLANG_ANALYZER_NUMBER_OBJECT_CONVERSION = YES_AGGRESSIVE;
				CLANG_CXX_LANGUAGE_STANDARD = "gnu++14";
				CLANG_CXX_LIBRARY = "libc++";
				CLANG_ENABLE_MODULES = YES;
				CLANG_ENABLE_OBJC_ARC = YES;
				CLANG_ENABLE_OBJC_WEAK = YES;
				CLANG_WARN_BLOCK_CAPTURE_AUTORELEASING = YES;
				CLANG_WARN_BOOL_CONVERSION = YES;
				CLANG_WARN_COMMA = YES;
				CLANG_WARN_CONSTANT_CONVERSION = YES;
				CLANG_WARN_DEPRECATED_OBJC_IMPLEMENTATIONS = YES;
				CLANG_WARN_DIRECT_OBJC_ISA_USAGE = YES_ERROR;
				CLANG_WARN_DOCUMENTATION_COMMENTS = YES;
				CLANG_WARN_EMPTY_BODY = YES;
				CLANG_WARN_ENUM_CONVERSION = YES;
				CLANG_WARN_INFINITE_RECURSION = YES;
				CLANG_WARN_INT_CONVERSION = YES;
				CLANG_WARN_NON_LITERAL_NULL_CONVERSION = YES;
				CLANG_WARN_OBJC_IMPLICIT_RETAIN_SELF = YES;
				CLANG_WARN_OBJC_LITERAL_CONVERSION = YES;
				CLANG_WARN_OBJC_ROOT_CLASS = YES_ERROR;
				CLANG_WARN_QUOTED_INCLUDE_IN_FRAMEWORK_HEADER = YES;
				CLANG_WARN_RANGE_LOOP_ANALYSIS = YES;
				CLANG_WARN_STRICT_PROTOTYPES = YES;
				CLANG_WARN_SUSPICIOUS_MOVE = YES;
				CLANG_WARN_UNGUARDED_AVAILABILITY = YES_AGGRESSIVE;
				CLANG_WARN_UNREACHABLE_CODE = YES;
				CLANG_WARN__DUPLICATE_METHOD_MATCH = YES;
				COPY_PHASE_STRIP = NO;
				DEBUG_INFORMATION_FORMAT = dwarf;
				ENABLE_STRICT_OBJC_MSGSEND = YES;
				ENABLE_TESTABILITY = YES;
				GCC_C_LANGUAGE_STANDARD = gnu11;
				GCC_DYNAMIC_NO_PIC = NO;
				GCC_NO_COMMON_BLOCKS = YES;
				GCC_OPTIMIZATION_LEVEL = 0;
				GCC_PREPROCESSOR_DEFINITIONS = (
					"DEBUG=1",
					"$(inherited)",
				);
				GCC_WARN_64_TO_32_BIT_CONVERSION = YES;
				GCC_WARN_ABOUT_RETURN_TYPE = YES_ERROR;
				GCC_WARN_UNDECLARED_SELECTOR = YES;
				GCC_WARN_UNINITIALIZED_AUTOS = YES_AGGRESSIVE;
				GCC_WARN_UNUSED_FUNCTION = YES;
				GCC_WARN_UNUSED_VARIABLE = YES;
				MTL_ENABLE_DEBUG_INFO = INCLUDE_SOURCE;
				MTL_FAST_MATH = YES;
				ONLY_ACTIVE_ARCH = YES;
				SWIFT_ACTIVE_COMPILATION_CONDITIONS = DEBUG;
				SWIFT_OPTIMIZATION_LEVEL = "-Onone";
			};
			name = Debug;
		};
		F91A9CD6261456D200893BEE /* Release */ = {
			isa = XCBuildConfiguration;
			buildSettings = {
				ALWAYS_SEARCH_USER_PATHS = NO;
				CLANG_ANALYZER_NONNULL = YES;
				CLANG_ANALYZER_NUMBER_OBJECT_CONVERSION = YES_AGGRESSIVE;
				CLANG_CXX_LANGUAGE_STANDARD = "gnu++14";
				CLANG_CXX_LIBRARY = "libc++";
				CLANG_ENABLE_MODULES = YES;
				CLANG_ENABLE_OBJC_ARC = YES;
				CLANG_ENABLE_OBJC_WEAK = YES;
				CLANG_WARN_BLOCK_CAPTURE_AUTORELEASING = YES;
				CLANG_WARN_BOOL_CONVERSION = YES;
				CLANG_WARN_COMMA = YES;
				CLANG_WARN_CONSTANT_CONVERSION = YES;
				CLANG_WARN_DEPRECATED_OBJC_IMPLEMENTATIONS = YES;
				CLANG_WARN_DIRECT_OBJC_ISA_USAGE = YES_ERROR;
				CLANG_WARN_DOCUMENTATION_COMMENTS = YES;
				CLANG_WARN_EMPTY_BODY = YES;
				CLANG_WARN_ENUM_CONVERSION = YES;
				CLANG_WARN_INFINITE_RECURSION = YES;
				CLANG_WARN_INT_CONVERSION = YES;
				CLANG_WARN_NON_LITERAL_NULL_CONVERSION = YES;
				CLANG_WARN_OBJC_IMPLICIT_RETAIN_SELF = YES;
				CLANG_WARN_OBJC_LITERAL_CONVERSION = YES;
				CLANG_WARN_OBJC_ROOT_CLASS = YES_ERROR;
				CLANG_WARN_QUOTED_INCLUDE_IN_FRAMEWORK_HEADER = YES;
				CLANG_WARN_RANGE_LOOP_ANALYSIS = YES;
				CLANG_WARN_STRICT_PROTOTYPES = YES;
				CLANG_WARN_SUSPICIOUS_MOVE = YES;
				CLANG_WARN_UNGUARDED_AVAILABILITY = YES_AGGRESSIVE;
				CLANG_WARN_UNREACHABLE_CODE = YES;
				CLANG_WARN__DUPLICATE_METHOD_MATCH = YES;
				COPY_PHASE_STRIP = NO;
				DEBUG_INFORMATION_FORMAT = "dwarf-with-dsym";
				ENABLE_NS_ASSERTIONS = NO;
				ENABLE_STRICT_OBJC_MSGSEND = YES;
				GCC_C_LANGUAGE_STANDARD = gnu11;
				GCC_NO_COMMON_BLOCKS = YES;
				GCC_WARN_64_TO_32_BIT_CONVERSION = YES;
				GCC_WARN_ABOUT_RETURN_TYPE = YES_ERROR;
				GCC_WARN_UNDECLARED_SELECTOR = YES;
				GCC_WARN_UNINITIALIZED_AUTOS = YES_AGGRESSIVE;
				GCC_WARN_UNUSED_FUNCTION = YES;
				GCC_WARN_UNUSED_VARIABLE = YES;
				MTL_ENABLE_DEBUG_INFO = NO;
				MTL_FAST_MATH = YES;
				SWIFT_COMPILATION_MODE = wholemodule;
				SWIFT_OPTIMIZATION_LEVEL = "-O";
			};
			name = Release;
		};
		F91A9CD8261456D200893BEE /* Debug */ = {
			isa = XCBuildConfiguration;
			buildSettings = {
				ASSETCATALOG_COMPILER_APPICON_NAME = AppIcon;
				ASSETCATALOG_COMPILER_GLOBAL_ACCENT_COLOR_NAME = AccentColor;
				CODE_SIGN_STYLE = Automatic;
				"DEVELOPMENT_TEAM[sdk=*]" = "Tristan Nibbe";
				ENABLE_PREVIEWS = YES;
				INFOPLIST_FILE = iOS/Info.plist;
				IPHONEOS_DEPLOYMENT_TARGET = 14.0;
				LD_RUNPATH_SEARCH_PATHS = (
					"$(inherited)",
					"@executable_path/Frameworks",
				);
				PRODUCT_BUNDLE_IDENTIFIER = SimpleSoftware.SimpleMindfulness;
				PRODUCT_NAME = SimpleMindfulness;
				SDKROOT = iphoneos;
				SWIFT_VERSION = 5.0;
				TARGETED_DEVICE_FAMILY = "1,2";
			};
			name = Debug;
		};
		F91A9CD9261456D200893BEE /* Release */ = {
			isa = XCBuildConfiguration;
			buildSettings = {
				ASSETCATALOG_COMPILER_APPICON_NAME = AppIcon;
				ASSETCATALOG_COMPILER_GLOBAL_ACCENT_COLOR_NAME = AccentColor;
				CODE_SIGN_STYLE = Automatic;
				DEVELOPMENT_TEAM = "Tristan Nibbe";
				ENABLE_PREVIEWS = YES;
				INFOPLIST_FILE = iOS/Info.plist;
				IPHONEOS_DEPLOYMENT_TARGET = 14.0;
				LD_RUNPATH_SEARCH_PATHS = (
					"$(inherited)",
					"@executable_path/Frameworks",
				);
				PRODUCT_BUNDLE_IDENTIFIER = SimpleSoftware.SimpleMindfulness;
				PRODUCT_NAME = SimpleMindfulness;
				SDKROOT = iphoneos;
				SWIFT_VERSION = 5.0;
				TARGETED_DEVICE_FAMILY = "1,2";
				VALIDATE_PRODUCT = YES;
			};
			name = Release;
		};
		F91A9CDB261456D200893BEE /* Debug */ = {
			isa = XCBuildConfiguration;
			buildSettings = {
				ASSETCATALOG_COMPILER_APPICON_NAME = AppIcon;
				ASSETCATALOG_COMPILER_GLOBAL_ACCENT_COLOR_NAME = AccentColor;
				CODE_SIGN_ENTITLEMENTS = macOS/macOS.entitlements;
				CODE_SIGN_STYLE = Automatic;
				COMBINE_HIDPI_IMAGES = YES;
				ENABLE_PREVIEWS = YES;
				INFOPLIST_FILE = macOS/Info.plist;
				LD_RUNPATH_SEARCH_PATHS = (
					"$(inherited)",
					"@executable_path/../Frameworks",
				);
				MACOSX_DEPLOYMENT_TARGET = 11.0;
				PRODUCT_BUNDLE_IDENTIFIER = SimpleSoftware.SimpleMindfulness;
				PRODUCT_NAME = SimpleMindfulness;
				SDKROOT = macosx;
				SWIFT_VERSION = 5.0;
			};
			name = Debug;
		};
		F91A9CDC261456D200893BEE /* Release */ = {
			isa = XCBuildConfiguration;
			buildSettings = {
				ASSETCATALOG_COMPILER_APPICON_NAME = AppIcon;
				ASSETCATALOG_COMPILER_GLOBAL_ACCENT_COLOR_NAME = AccentColor;
				CODE_SIGN_ENTITLEMENTS = macOS/macOS.entitlements;
				CODE_SIGN_STYLE = Automatic;
				COMBINE_HIDPI_IMAGES = YES;
				ENABLE_PREVIEWS = YES;
				INFOPLIST_FILE = macOS/Info.plist;
				LD_RUNPATH_SEARCH_PATHS = (
					"$(inherited)",
					"@executable_path/../Frameworks",
				);
				MACOSX_DEPLOYMENT_TARGET = 11.0;
				PRODUCT_BUNDLE_IDENTIFIER = SimpleSoftware.SimpleMindfulness;
				PRODUCT_NAME = SimpleMindfulness;
				SDKROOT = macosx;
				SWIFT_VERSION = 5.0;
			};
			name = Release;
		};
		F91A9CDE261456D200893BEE /* Debug */ = {
			isa = XCBuildConfiguration;
			buildSettings = {
				ALWAYS_EMBED_SWIFT_STANDARD_LIBRARIES = YES;
				CODE_SIGN_STYLE = Automatic;
				INFOPLIST_FILE = "Tests iOS/Info.plist";
				IPHONEOS_DEPLOYMENT_TARGET = 14.2;
				LD_RUNPATH_SEARCH_PATHS = (
					"$(inherited)",
					"@executable_path/Frameworks",
					"@loader_path/Frameworks",
				);
				PRODUCT_BUNDLE_IDENTIFIER = "SimpleSoftware.Tests-iOS";
				PRODUCT_NAME = "$(TARGET_NAME)";
				SDKROOT = iphoneos;
				SWIFT_VERSION = 5.0;
				TARGETED_DEVICE_FAMILY = "1,2";
				TEST_TARGET_NAME = "SimpleMindfulness (iOS)";
			};
			name = Debug;
		};
		F91A9CDF261456D200893BEE /* Release */ = {
			isa = XCBuildConfiguration;
			buildSettings = {
				ALWAYS_EMBED_SWIFT_STANDARD_LIBRARIES = YES;
				CODE_SIGN_STYLE = Automatic;
				INFOPLIST_FILE = "Tests iOS/Info.plist";
				IPHONEOS_DEPLOYMENT_TARGET = 14.2;
				LD_RUNPATH_SEARCH_PATHS = (
					"$(inherited)",
					"@executable_path/Frameworks",
					"@loader_path/Frameworks",
				);
				PRODUCT_BUNDLE_IDENTIFIER = "SimpleSoftware.Tests-iOS";
				PRODUCT_NAME = "$(TARGET_NAME)";
				SDKROOT = iphoneos;
				SWIFT_VERSION = 5.0;
				TARGETED_DEVICE_FAMILY = "1,2";
				TEST_TARGET_NAME = "SimpleMindfulness (iOS)";
				VALIDATE_PRODUCT = YES;
			};
			name = Release;
		};
		F91A9CE1261456D200893BEE /* Debug */ = {
			isa = XCBuildConfiguration;
			buildSettings = {
				ALWAYS_EMBED_SWIFT_STANDARD_LIBRARIES = YES;
				CODE_SIGN_STYLE = Automatic;
				COMBINE_HIDPI_IMAGES = YES;
				INFOPLIST_FILE = "Tests macOS/Info.plist";
				LD_RUNPATH_SEARCH_PATHS = (
					"$(inherited)",
					"@executable_path/../Frameworks",
					"@loader_path/../Frameworks",
				);
				MACOSX_DEPLOYMENT_TARGET = 11.0;
				PRODUCT_BUNDLE_IDENTIFIER = "SimpleSoftware.Tests-macOS";
				PRODUCT_NAME = "$(TARGET_NAME)";
				SDKROOT = macosx;
				SWIFT_VERSION = 5.0;
				TEST_TARGET_NAME = "SimpleMindfulness (macOS)";
			};
			name = Debug;
		};
		F91A9CE2261456D200893BEE /* Release */ = {
			isa = XCBuildConfiguration;
			buildSettings = {
				ALWAYS_EMBED_SWIFT_STANDARD_LIBRARIES = YES;
				CODE_SIGN_STYLE = Automatic;
				COMBINE_HIDPI_IMAGES = YES;
				INFOPLIST_FILE = "Tests macOS/Info.plist";
				LD_RUNPATH_SEARCH_PATHS = (
					"$(inherited)",
					"@executable_path/../Frameworks",
					"@loader_path/../Frameworks",
				);
				MACOSX_DEPLOYMENT_TARGET = 11.0;
				PRODUCT_BUNDLE_IDENTIFIER = "SimpleSoftware.Tests-macOS";
				PRODUCT_NAME = "$(TARGET_NAME)";
				SDKROOT = macosx;
				SWIFT_VERSION = 5.0;
				TEST_TARGET_NAME = "SimpleMindfulness (macOS)";
			};
			name = Release;
		};
/* End XCBuildConfiguration section */

/* Begin XCConfigurationList section */
		F91A9CA4261456D000893BEE /* Build configuration list for PBXProject "SimpleMindfulness" */ = {
			isa = XCConfigurationList;
			buildConfigurations = (
				F91A9CD5261456D200893BEE /* Debug */,
				F91A9CD6261456D200893BEE /* Release */,
			);
			defaultConfigurationIsVisible = 0;
			defaultConfigurationName = Release;
		};
		F91A9CD7261456D200893BEE /* Build configuration list for PBXNativeTarget "SimpleMindfulness (iOS)" */ = {
			isa = XCConfigurationList;
			buildConfigurations = (
				F91A9CD8261456D200893BEE /* Debug */,
				F91A9CD9261456D200893BEE /* Release */,
			);
			defaultConfigurationIsVisible = 0;
			defaultConfigurationName = Release;
		};
		F91A9CDA261456D200893BEE /* Build configuration list for PBXNativeTarget "SimpleMindfulness (macOS)" */ = {
			isa = XCConfigurationList;
			buildConfigurations = (
				F91A9CDB261456D200893BEE /* Debug */,
				F91A9CDC261456D200893BEE /* Release */,
			);
			defaultConfigurationIsVisible = 0;
			defaultConfigurationName = Release;
		};
		F91A9CDD261456D200893BEE /* Build configuration list for PBXNativeTarget "Tests iOS" */ = {
			isa = XCConfigurationList;
			buildConfigurations = (
				F91A9CDE261456D200893BEE /* Debug */,
				F91A9CDF261456D200893BEE /* Release */,
			);
			defaultConfigurationIsVisible = 0;
			defaultConfigurationName = Release;
		};
		F91A9CE0261456D200893BEE /* Build configuration list for PBXNativeTarget "Tests macOS" */ = {
			isa = XCConfigurationList;
			buildConfigurations = (
				F91A9CE1261456D200893BEE /* Debug */,
				F91A9CE2261456D200893BEE /* Release */,
			);
			defaultConfigurationIsVisible = 0;
			defaultConfigurationName = Release;
		};
/* End XCConfigurationList section */

/* Begin XCVersionGroup section */
		F9649A262636A59C00E7DA09 /* SimpleMindfulness.xcdatamodeld */ = {
			isa = XCVersionGroup;
			children = (
				F9649A272636A59C00E7DA09 /* LoggedEmotion.xcdatamodel */,
			);
			currentVersion = F9649A272636A59C00E7DA09 /* LoggedEmotion.xcdatamodel */;
			path = SimpleMindfulness.xcdatamodeld;
			sourceTree = "<group>";
			versionGroupType = wrapper.xcdatamodel;
		};
/* End XCVersionGroup section */
	};
	rootObject = F91A9CA1261456D000893BEE /* Project object */;
}
